// !$*UTF8*$!
{
	archiveVersion = 1;
	classes = {
	};
	objectVersion = 46;
	objects = {

/* Begin PBXBuildFile section */
		534B50201F47E5FA00666ACD /* Default-568h@2x.png in Resources */ = {isa = PBXBuildFile; fileRef = 534B501F1F47E5FA00666ACD /* Default-568h@2x.png */; };
		53AAFEB91F6D57E300669186 /* Constants.swift in Sources */ = {isa = PBXBuildFile; fileRef = 53AAFEB81F6D57E300669186 /* Constants.swift */; };
		53C4844B1F63EFC20055C912 /* HelperFunctions.swift in Sources */ = {isa = PBXBuildFile; fileRef = 53C4844A1F63EFC20055C912 /* HelperFunctions.swift */; };
		53EB4A141F64ED9700016947 /* PiComm.swift in Sources */ = {isa = PBXBuildFile; fileRef = 53EB4A131F64ED9700016947 /* PiComm.swift */; };
		53ED44F71F3EEFF800E21249 /* AppDelegate.swift in Sources */ = {isa = PBXBuildFile; fileRef = 53ED44F61F3EEFF800E21249 /* AppDelegate.swift */; };
		53ED44F91F3EEFF800E21249 /* ViewController.swift in Sources */ = {isa = PBXBuildFile; fileRef = 53ED44F81F3EEFF800E21249 /* ViewController.swift */; };
		53ED44FC1F3EEFF800E21249 /* Main.storyboard in Resources */ = {isa = PBXBuildFile; fileRef = 53ED44FA1F3EEFF800E21249 /* Main.storyboard */; };
		53ED44FE1F3EEFF800E21249 /* Assets.xcassets in Resources */ = {isa = PBXBuildFile; fileRef = 53ED44FD1F3EEFF800E21249 /* Assets.xcassets */; };
		53ED45011F3EEFF800E21249 /* LaunchScreen.storyboard in Resources */ = {isa = PBXBuildFile; fileRef = 53ED44FF1F3EEFF800E21249 /* LaunchScreen.storyboard */; };
		53ED45091F3EF7BE00E21249 /* BLEHandler.swift in Sources */ = {isa = PBXBuildFile; fileRef = 53ED45081F3EF7BE00E21249 /* BLEHandler.swift */; };
		53ED450B1F3EF8A600E21249 /* BLEHandlerDelegate.swift in Sources */ = {isa = PBXBuildFile; fileRef = 53ED450A1F3EF8A600E21249 /* BLEHandlerDelegate.swift */; };
		53ED450D1F3F4A5300E21249 /* FixedQueue.swift in Sources */ = {isa = PBXBuildFile; fileRef = 53ED450C1F3F4A5300E21249 /* FixedQueue.swift */; };
		53F230F61F64F86500A4EE61 /* ManualVC.swift in Sources */ = {isa = PBXBuildFile; fileRef = 53F230F51F64F86500A4EE61 /* ManualVC.swift */; };
		75C65C0A1AEC6FBDCCD19610 /* Pods_BLE_Locator.framework in Frameworks */ = {isa = PBXBuildFile; fileRef = BEFFF53E47F9F0BC76827946 /* Pods_BLE_Locator.framework */; };
/* End PBXBuildFile section */

/* Begin PBXFileReference section */
		534B501F1F47E5FA00666ACD /* Default-568h@2x.png */ = {isa = PBXFileReference; lastKnownFileType = image.png; path = "Default-568h@2x.png"; sourceTree = "<group>"; };
		534B50211F47E6E100666ACD /* BLE Locator-Bridging-Header.h */ = {isa = PBXFileReference; fileEncoding = 4; lastKnownFileType = sourcecode.c.h; name = "BLE Locator-Bridging-Header.h"; path = "BLE Locator/BLE Locator-Bridging-Header.h"; sourceTree = "<group>"; };
		53AAFEB81F6D57E300669186 /* Constants.swift */ = {isa = PBXFileReference; fileEncoding = 4; lastKnownFileType = sourcecode.swift; path = Constants.swift; sourceTree = "<group>"; };
		53C4844A1F63EFC20055C912 /* HelperFunctions.swift */ = {isa = PBXFileReference; fileEncoding = 4; lastKnownFileType = sourcecode.swift; path = HelperFunctions.swift; sourceTree = "<group>"; };
		53EB4A131F64ED9700016947 /* PiComm.swift */ = {isa = PBXFileReference; fileEncoding = 4; lastKnownFileType = sourcecode.swift; path = PiComm.swift; sourceTree = "<group>"; };
		53ED44F31F3EEFF800E21249 /* BLE Locator.app */ = {isa = PBXFileReference; explicitFileType = wrapper.application; includeInIndex = 0; path = "BLE Locator.app"; sourceTree = BUILT_PRODUCTS_DIR; };
		53ED44F61F3EEFF800E21249 /* AppDelegate.swift */ = {isa = PBXFileReference; lastKnownFileType = sourcecode.swift; path = AppDelegate.swift; sourceTree = "<group>"; };
		53ED44F81F3EEFF800E21249 /* ViewController.swift */ = {isa = PBXFileReference; lastKnownFileType = sourcecode.swift; path = ViewController.swift; sourceTree = "<group>"; };
		53ED44FB1F3EEFF800E21249 /* Base */ = {isa = PBXFileReference; lastKnownFileType = file.storyboard; name = Base; path = Base.lproj/Main.storyboard; sourceTree = "<group>"; };
		53ED44FD1F3EEFF800E21249 /* Assets.xcassets */ = {isa = PBXFileReference; lastKnownFileType = folder.assetcatalog; path = Assets.xcassets; sourceTree = "<group>"; };
		53ED45001F3EEFF800E21249 /* Base */ = {isa = PBXFileReference; lastKnownFileType = file.storyboard; name = Base; path = Base.lproj/LaunchScreen.storyboard; sourceTree = "<group>"; };
		53ED45021F3EEFF800E21249 /* Info.plist */ = {isa = PBXFileReference; lastKnownFileType = text.plist.xml; path = Info.plist; sourceTree = "<group>"; };
		53ED45081F3EF7BE00E21249 /* BLEHandler.swift */ = {isa = PBXFileReference; fileEncoding = 4; lastKnownFileType = sourcecode.swift; path = BLEHandler.swift; sourceTree = "<group>"; };
		53ED450A1F3EF8A600E21249 /* BLEHandlerDelegate.swift */ = {isa = PBXFileReference; fileEncoding = 4; lastKnownFileType = sourcecode.swift; path = BLEHandlerDelegate.swift; sourceTree = "<group>"; };
		53ED450C1F3F4A5300E21249 /* FixedQueue.swift */ = {isa = PBXFileReference; fileEncoding = 4; lastKnownFileType = sourcecode.swift; path = FixedQueue.swift; sourceTree = "<group>"; };
		53F230F51F64F86500A4EE61 /* ManualVC.swift */ = {isa = PBXFileReference; fileEncoding = 4; lastKnownFileType = sourcecode.swift; path = ManualVC.swift; sourceTree = "<group>"; };
		712AEB74BB927628DFCBCBED /* Pods-BLE Locator.release.xcconfig */ = {isa = PBXFileReference; includeInIndex = 1; lastKnownFileType = text.xcconfig; name = "Pods-BLE Locator.release.xcconfig"; path = "Pods/Target Support Files/Pods-BLE Locator/Pods-BLE Locator.release.xcconfig"; sourceTree = "<group>"; };
		BEFFF53E47F9F0BC76827946 /* Pods_BLE_Locator.framework */ = {isa = PBXFileReference; explicitFileType = wrapper.framework; includeInIndex = 0; path = Pods_BLE_Locator.framework; sourceTree = BUILT_PRODUCTS_DIR; };
		F8817A80F240DAE4F88359F5 /* Pods-BLE Locator.debug.xcconfig */ = {isa = PBXFileReference; includeInIndex = 1; lastKnownFileType = text.xcconfig; name = "Pods-BLE Locator.debug.xcconfig"; path = "Pods/Target Support Files/Pods-BLE Locator/Pods-BLE Locator.debug.xcconfig"; sourceTree = "<group>"; };
/* End PBXFileReference section */

/* Begin PBXFrameworksBuildPhase section */
		53ED44F01F3EEFF800E21249 /* Frameworks */ = {
			isa = PBXFrameworksBuildPhase;
			buildActionMask = 2147483647;
			files = (
				75C65C0A1AEC6FBDCCD19610 /* Pods_BLE_Locator.framework in Frameworks */,
			);
			runOnlyForDeploymentPostprocessing = 0;
		};
/* End PBXFrameworksBuildPhase section */

/* Begin PBXGroup section */
		53ED44EA1F3EEFF800E21249 = {
			isa = PBXGroup;
			children = (
				534B50211F47E6E100666ACD /* BLE Locator-Bridging-Header.h */,
				534B501F1F47E5FA00666ACD /* Default-568h@2x.png */,
				53ED44F51F3EEFF800E21249 /* BLE Locator */,
				53ED44F41F3EEFF800E21249 /* Products */,
				568270D7ED183AC2ACEA6407 /* Pods */,
				B60038DA18B0199D204D7AD6 /* Frameworks */,
			);
			sourceTree = "<group>";
		};
		53ED44F41F3EEFF800E21249 /* Products */ = {
			isa = PBXGroup;
			children = (
				53ED44F31F3EEFF800E21249 /* BLE Locator.app */,
			);
			name = Products;
			sourceTree = "<group>";
		};
		53ED44F51F3EEFF800E21249 /* BLE Locator */ = {
			isa = PBXGroup;
			children = (
				53ED44F61F3EEFF800E21249 /* AppDelegate.swift */,
				53ED44FA1F3EEFF800E21249 /* Main.storyboard */,
				53ED44FD1F3EEFF800E21249 /* Assets.xcassets */,
				53ED44FF1F3EEFF800E21249 /* LaunchScreen.storyboard */,
				53ED44F81F3EEFF800E21249 /* ViewController.swift */,
				53ED45021F3EEFF800E21249 /* Info.plist */,
				53ED45081F3EF7BE00E21249 /* BLEHandler.swift */,
				53C4844A1F63EFC20055C912 /* HelperFunctions.swift */,
				53ED450A1F3EF8A600E21249 /* BLEHandlerDelegate.swift */,
				53ED450C1F3F4A5300E21249 /* FixedQueue.swift */,
				53EB4A131F64ED9700016947 /* PiComm.swift */,
				53F230F51F64F86500A4EE61 /* ManualVC.swift */,
				53AAFEB81F6D57E300669186 /* Constants.swift */,
			);
			path = "BLE Locator";
			sourceTree = "<group>";
		};
		568270D7ED183AC2ACEA6407 /* Pods */ = {
			isa = PBXGroup;
			children = (
				F8817A80F240DAE4F88359F5 /* Pods-BLE Locator.debug.xcconfig */,
				712AEB74BB927628DFCBCBED /* Pods-BLE Locator.release.xcconfig */,
			);
			name = Pods;
			sourceTree = "<group>";
		};
		B60038DA18B0199D204D7AD6 /* Frameworks */ = {
			isa = PBXGroup;
			children = (
				BEFFF53E47F9F0BC76827946 /* Pods_BLE_Locator.framework */,
			);
			name = Frameworks;
			sourceTree = "<group>";
		};
/* End PBXGroup section */

/* Begin PBXNativeTarget section */
		53ED44F21F3EEFF800E21249 /* BLE Locator */ = {
			isa = PBXNativeTarget;
			buildConfigurationList = 53ED45051F3EEFF800E21249 /* Build configuration list for PBXNativeTarget "BLE Locator" */;
			buildPhases = (
				EF9B7E1A70D0B70BB32B2CAB /* [CP] Check Pods Manifest.lock */,
				53ED44EF1F3EEFF800E21249 /* Sources */,
				53ED44F01F3EEFF800E21249 /* Frameworks */,
				53ED44F11F3EEFF800E21249 /* Resources */,
				C288826250CE2D176448B5D2 /* [CP] Embed Pods Frameworks */,
				8D5E48E3E515CE1DF54B12B5 /* [CP] Copy Pods Resources */,
			);
			buildRules = (
			);
			dependencies = (
			);
			name = "BLE Locator";
			productName = "BLE Locator";
			productReference = 53ED44F31F3EEFF800E21249 /* BLE Locator.app */;
			productType = "com.apple.product-type.application";
		};
/* End PBXNativeTarget section */

/* Begin PBXProject section */
		53ED44EB1F3EEFF800E21249 /* Project object */ = {
			isa = PBXProject;
			attributes = {
				LastSwiftUpdateCheck = 0830;
				LastUpgradeCheck = 0830;
				ORGANIZATIONNAME = "Yeo Kheng Meng";
				TargetAttributes = {
					53ED44F21F3EEFF800E21249 = {
						CreatedOnToolsVersion = 8.3.3;
						DevelopmentTeam = 4CRDGAEC4G;
						ProvisioningStyle = Automatic;
					};
				};
			};
			buildConfigurationList = 53ED44EE1F3EEFF800E21249 /* Build configuration list for PBXProject "BLE Locator" */;
			compatibilityVersion = "Xcode 3.2";
			developmentRegion = English;
			hasScannedForEncodings = 0;
			knownRegions = (
				en,
				Base,
			);
			mainGroup = 53ED44EA1F3EEFF800E21249;
			productRefGroup = 53ED44F41F3EEFF800E21249 /* Products */;
			projectDirPath = "";
			projectRoot = "";
			targets = (
				53ED44F21F3EEFF800E21249 /* BLE Locator */,
			);
		};
/* End PBXProject section */

/* Begin PBXResourcesBuildPhase section */
		53ED44F11F3EEFF800E21249 /* Resources */ = {
			isa = PBXResourcesBuildPhase;
			buildActionMask = 2147483647;
			files = (
				53ED45011F3EEFF800E21249 /* LaunchScreen.storyboard in Resources */,
				534B50201F47E5FA00666ACD /* Default-568h@2x.png in Resources */,
				53ED44FE1F3EEFF800E21249 /* Assets.xcassets in Resources */,
				53ED44FC1F3EEFF800E21249 /* Main.storyboard in Resources */,
			);
			runOnlyForDeploymentPostprocessing = 0;
		};
/* End PBXResourcesBuildPhase section */

/* Begin PBXShellScriptBuildPhase section */
		8D5E48E3E515CE1DF54B12B5 /* [CP] Copy Pods Resources */ = {
			isa = PBXShellScriptBuildPhase;
			buildActionMask = 2147483647;
			files = (
			);
			inputPaths = (
			);
			name = "[CP] Copy Pods Resources";
			outputPaths = (
			);
			runOnlyForDeploymentPostprocessing = 0;
			shellPath = /bin/sh;
			shellScript = "\"${SRCROOT}/Pods/Target Support Files/Pods-BLE Locator/Pods-BLE Locator-resources.sh\"\n";
			showEnvVarsInLog = 0;
		};
		C288826250CE2D176448B5D2 /* [CP] Embed Pods Frameworks */ = {
			isa = PBXShellScriptBuildPhase;
			buildActionMask = 2147483647;
			files = (
			);
			inputPaths = (
				"${SRCROOT}/Pods/Target Support Files/Pods-BLE Locator/Pods-BLE Locator-frameworks.sh",
				"${BUILT_PRODUCTS_DIR}/BlueSocket/Socket.framework",
				"${BUILT_PRODUCTS_DIR}/ChromaColorPicker/ChromaColorPicker.framework",
			);
			name = "[CP] Embed Pods Frameworks";
			outputPaths = (
				"${TARGET_BUILD_DIR}/${FRAMEWORKS_FOLDER_PATH}/Socket.framework",
				"${TARGET_BUILD_DIR}/${FRAMEWORKS_FOLDER_PATH}/ChromaColorPicker.framework",
			);
			runOnlyForDeploymentPostprocessing = 0;
			shellPath = /bin/sh;
			shellScript = "\"${SRCROOT}/Pods/Target Support Files/Pods-BLE Locator/Pods-BLE Locator-frameworks.sh\"\n";
			showEnvVarsInLog = 0;
		};
		EF9B7E1A70D0B70BB32B2CAB /* [CP] Check Pods Manifest.lock */ = {
			isa = PBXShellScriptBuildPhase;
			buildActionMask = 2147483647;
			files = (
			);
			inputPaths = (
				"${PODS_PODFILE_DIR_PATH}/Podfile.lock",
				"${PODS_ROOT}/Manifest.lock",
			);
			name = "[CP] Check Pods Manifest.lock";
			outputPaths = (
				"$(DERIVED_FILE_DIR)/Pods-BLE Locator-checkManifestLockResult.txt",
			);
			runOnlyForDeploymentPostprocessing = 0;
			shellPath = /bin/sh;
			shellScript = "diff \"${PODS_PODFILE_DIR_PATH}/Podfile.lock\" \"${PODS_ROOT}/Manifest.lock\" > /dev/null\nif [ $? != 0 ] ; then\n    # print error to STDERR\n    echo \"error: The sandbox is not in sync with the Podfile.lock. Run 'pod install' or update your CocoaPods installation.\" >&2\n    exit 1\nfi\n# This output is used by Xcode 'outputs' to avoid re-running this script phase.\necho \"SUCCESS\" > \"${SCRIPT_OUTPUT_FILE_0}\"\n";
			showEnvVarsInLog = 0;
		};
/* End PBXShellScriptBuildPhase section */

/* Begin PBXSourcesBuildPhase section */
		53ED44EF1F3EEFF800E21249 /* Sources */ = {
			isa = PBXSourcesBuildPhase;
			buildActionMask = 2147483647;
			files = (
				53F230F61F64F86500A4EE61 /* ManualVC.swift in Sources */,
				53EB4A141F64ED9700016947 /* PiComm.swift in Sources */,
				53ED44F91F3EEFF800E21249 /* ViewController.swift in Sources */,
				53ED45091F3EF7BE00E21249 /* BLEHandler.swift in Sources */,
				53ED44F71F3EEFF800E21249 /* AppDelegate.swift in Sources */,
				53ED450B1F3EF8A600E21249 /* BLEHandlerDelegate.swift in Sources */,
				53ED450D1F3F4A5300E21249 /* FixedQueue.swift in Sources */,
				53C4844B1F63EFC20055C912 /* HelperFunctions.swift in Sources */,
				53AAFEB91F6D57E300669186 /* Constants.swift in Sources */,
			);
			runOnlyForDeploymentPostprocessing = 0;
		};
/* End PBXSourcesBuildPhase section */

/* Begin PBXVariantGroup section */
		53ED44FA1F3EEFF800E21249 /* Main.storyboard */ = {
			isa = PBXVariantGroup;
			children = (
				53ED44FB1F3EEFF800E21249 /* Base */,
			);
			name = Main.storyboard;
			sourceTree = "<group>";
		};
		53ED44FF1F3EEFF800E21249 /* LaunchScreen.storyboard */ = {
			isa = PBXVariantGroup;
			children = (
				53ED45001F3EEFF800E21249 /* Base */,
			);
			name = LaunchScreen.storyboard;
			sourceTree = "<group>";
		};
/* End PBXVariantGroup section */

/* Begin XCBuildConfiguration section */
		53ED45031F3EEFF800E21249 /* Debug */ = {
			isa = XCBuildConfiguration;
			buildSettings = {
				ALWAYS_SEARCH_USER_PATHS = NO;
				CLANG_ANALYZER_NONNULL = YES;
				CLANG_ANALYZER_NUMBER_OBJECT_CONVERSION = YES_AGGRESSIVE;
				CLANG_CXX_LANGUAGE_STANDARD = "gnu++0x";
				CLANG_CXX_LIBRARY = "libc++";
				CLANG_ENABLE_MODULES = YES;
				CLANG_ENABLE_OBJC_ARC = YES;
				CLANG_WARN_BOOL_CONVERSION = YES;
				CLANG_WARN_CONSTANT_CONVERSION = YES;
				CLANG_WARN_DIRECT_OBJC_ISA_USAGE = YES_ERROR;
				CLANG_WARN_DOCUMENTATION_COMMENTS = YES;
				CLANG_WARN_EMPTY_BODY = YES;
				CLANG_WARN_ENUM_CONVERSION = YES;
				CLANG_WARN_INFINITE_RECURSION = YES;
				CLANG_WARN_INT_CONVERSION = YES;
				CLANG_WARN_OBJC_ROOT_CLASS = YES_ERROR;
				CLANG_WARN_SUSPICIOUS_MOVE = YES;
				CLANG_WARN_UNREACHABLE_CODE = YES;
				CLANG_WARN__DUPLICATE_METHOD_MATCH = YES;
				"CODE_SIGN_IDENTITY[sdk=iphoneos*]" = "iPhone Developer";
				COPY_PHASE_STRIP = NO;
				DEBUG_INFORMATION_FORMAT = dwarf;
				ENABLE_STRICT_OBJC_MSGSEND = YES;
				ENABLE_TESTABILITY = YES;
				GCC_C_LANGUAGE_STANDARD = gnu99;
				GCC_DYNAMIC_NO_PIC = NO;
				GCC_NO_COMMON_BLOCKS = YES;
				GCC_OPTIMIZATION_LEVEL = 0;
				GCC_PREPROCESSOR_DEFINITIONS = (
					"DEBUG=1",
					"$(inherited)",
				);
				GCC_WARN_64_TO_32_BIT_CONVERSION = YES;
				GCC_WARN_ABOUT_RETURN_TYPE = YES_ERROR;
				GCC_WARN_UNDECLARED_SELECTOR = YES;
				GCC_WARN_UNINITIALIZED_AUTOS = YES_AGGRESSIVE;
				GCC_WARN_UNUSED_FUNCTION = YES;
				GCC_WARN_UNUSED_VARIABLE = YES;
				IPHONEOS_DEPLOYMENT_TARGET = 10.3;
				MTL_ENABLE_DEBUG_INFO = YES;
				ONLY_ACTIVE_ARCH = YES;
				SDKROOT = iphoneos;
				SWIFT_ACTIVE_COMPILATION_CONDITIONS = DEBUG;
				SWIFT_OPTIMIZATION_LEVEL = "-Onone";
			};
			name = Debug;
		};
		53ED45041F3EEFF800E21249 /* Release */ = {
			isa = XCBuildConfiguration;
			buildSettings = {
				ALWAYS_SEARCH_USER_PATHS = NO;
				CLANG_ANALYZER_NONNULL = YES;
				CLANG_ANALYZER_NUMBER_OBJECT_CONVERSION = YES_AGGRESSIVE;
				CLANG_CXX_LANGUAGE_STANDARD = "gnu++0x";
				CLANG_CXX_LIBRARY = "libc++";
				CLANG_ENABLE_MODULES = YES;
				CLANG_ENABLE_OBJC_ARC = YES;
				CLANG_WARN_BOOL_CONVERSION = YES;
				CLANG_WARN_CONSTANT_CONVERSION = YES;
				CLANG_WARN_DIRECT_OBJC_ISA_USAGE = YES_ERROR;
				CLANG_WARN_DOCUMENTATION_COMMENTS = YES;
				CLANG_WARN_EMPTY_BODY = YES;
				CLANG_WARN_ENUM_CONVERSION = YES;
				CLANG_WARN_INFINITE_RECURSION = YES;
				CLANG_WARN_INT_CONVERSION = YES;
				CLANG_WARN_OBJC_ROOT_CLASS = YES_ERROR;
				CLANG_WARN_SUSPICIOUS_MOVE = YES;
				CLANG_WARN_UNREACHABLE_CODE = YES;
				CLANG_WARN__DUPLICATE_METHOD_MATCH = YES;
				"CODE_SIGN_IDENTITY[sdk=iphoneos*]" = "iPhone Developer";
				COPY_PHASE_STRIP = NO;
				DEBUG_INFORMATION_FORMAT = "dwarf-with-dsym";
				ENABLE_NS_ASSERTIONS = NO;
				ENABLE_STRICT_OBJC_MSGSEND = YES;
				GCC_C_LANGUAGE_STANDARD = gnu99;
				GCC_NO_COMMON_BLOCKS = YES;
				GCC_WARN_64_TO_32_BIT_CONVERSION = YES;
				GCC_WARN_ABOUT_RETURN_TYPE = YES_ERROR;
				GCC_WARN_UNDECLARED_SELECTOR = YES;
				GCC_WARN_UNINITIALIZED_AUTOS = YES_AGGRESSIVE;
				GCC_WARN_UNUSED_FUNCTION = YES;
				GCC_WARN_UNUSED_VARIABLE = YES;
				IPHONEOS_DEPLOYMENT_TARGET = 10.3;
				MTL_ENABLE_DEBUG_INFO = NO;
				SDKROOT = iphoneos;
				SWIFT_OPTIMIZATION_LEVEL = "-Owholemodule";
				VALIDATE_PRODUCT = YES;
			};
			name = Release;
		};
		53ED45061F3EEFF800E21249 /* Debug */ = {
			isa = XCBuildConfiguration;
			baseConfigurationReference = F8817A80F240DAE4F88359F5 /* Pods-BLE Locator.debug.xcconfig */;
			buildSettings = {
				ASSETCATALOG_COMPILER_APPICON_NAME = AppIcon;
				DEVELOPMENT_TEAM = 4CRDGAEC4G;
				INFOPLIST_FILE = "BLE Locator/Info.plist";
				LD_RUNPATH_SEARCH_PATHS = "$(inherited) @executable_path/Frameworks";
				PRODUCT_BUNDLE_IDENTIFIER = "com.yeokm1.BLE-Locator";
				PRODUCT_NAME = "$(TARGET_NAME)";
				SWIFT_OBJC_BRIDGING_HEADER = "$(PROJECT_DIR)/$(PROJECT_NAME)/$(PROJECT_NAME)-Bridging-Header.h";
				SWIFT_VERSION = 3.0;
				USER_HEADER_SEARCH_PATHS = "";
			};
			name = Debug;
		};
		53ED45071F3EEFF800E21249 /* Release */ = {
			isa = XCBuildConfiguration;
			baseConfigurationReference = 712AEB74BB927628DFCBCBED /* Pods-BLE Locator.release.xcconfig */;
			buildSettings = {
				ASSETCATALOG_COMPILER_APPICON_NAME = AppIcon;
				DEVELOPMENT_TEAM = 4CRDGAEC4G;
				INFOPLIST_FILE = "BLE Locator/Info.plist";
				LD_RUNPATH_SEARCH_PATHS = "$(inherited) @executable_path/Frameworks";
				PRODUCT_BUNDLE_IDENTIFIER = "com.yeokm1.BLE-Locator";
				PRODUCT_NAME = "$(TARGET_NAME)";
				SWIFT_OBJC_BRIDGING_HEADER = "$(PROJECT_DIR)/$(PROJECT_NAME)/$(PROJECT_NAME)-Bridging-Header.h";
				SWIFT_VERSION = 3.0;
				USER_HEADER_SEARCH_PATHS = "";
			};
			name = Release;
		};
/* End XCBuildConfiguration section */

/* Begin XCConfigurationList section */
		53ED44EE1F3EEFF800E21249 /* Build configuration list for PBXProject "BLE Locator" */ = {
			isa = XCConfigurationList;
			buildConfigurations = (
				53ED45031F3EEFF800E21249 /* Debug */,
				53ED45041F3EEFF800E21249 /* Release */,
			);
			defaultConfigurationIsVisible = 0;
			defaultConfigurationName = Release;
		};
		53ED45051F3EEFF800E21249 /* Build configuration list for PBXNativeTarget "BLE Locator" */ = {
			isa = XCConfigurationList;
			buildConfigurations = (
				53ED45061F3EEFF800E21249 /* Debug */,
				53ED45071F3EEFF800E21249 /* Release */,
			);
			defaultConfigurationIsVisible = 0;
			defaultConfigurationName = Release;
		};
/* End XCConfigurationList section */
	};
	rootObject = 53ED44EB1F3EEFF800E21249 /* Project object */;
}
